
Microsoft Visual Studio Solution File, Format Version 12.00
# Visual Studio Version 16
VisualStudioVersion = 16.0.31605.320
MinimumVisualStudioVersion = 10.0.40219.1
Project("{9A19103F-16F7-4668-BE54-9A1E7A4F7556}") = "Lesson4Task1", "Lesson4Task1\Lesson4Task1.csproj", "{3CB97274-CC5B-49C8-92FF-2431364965E8}"
EndProject
Project("{FAE04EC0-301F-11D3-BF4B-00C04F79EFBC}") = "Lesson4Task2", "Lesson4Task2\Lesson4Task2.csproj", "{7538878C-A50E-4599-9092-8F1A72DA8516}"
EndProject
Global
	GlobalSection(SolutionConfigurationPlatforms) = preSolution
		Debug|Any CPU = Debug|Any CPU
		Release|Any CPU = Release|Any CPU
	EndGlobalSection
	GlobalSection(ProjectConfigurationPlatforms) = postSolution
		{3CB97274-CC5B-49C8-92FF-2431364965E8}.Debug|Any CPU.ActiveCfg = Debug|Any CPU
		{3CB97274-CC5B-49C8-92FF-2431364965E8}.Debug|Any CPU.Build.0 = Debug|Any CPU
		{3CB97274-CC5B-49C8-92FF-2431364965E8}.Release|Any CPU.ActiveCfg = Release|Any CPU
		{3CB97274-CC5B-49C8-92FF-2431364965E8}.Release|Any CPU.Build.0 = Release|Any CPU
		{7538878C-A50E-4599-9092-8F1A72DA8516}.Debug|Any CPU.ActiveCfg = Debug|Any CPU
		{7538878C-A50E-4599-9092-8F1A72DA8516}.Debug|Any CPU.Build.0 = Debug|Any CPU
		{7538878C-A50E-4599-9092-8F1A72DA8516}.Release|Any CPU.ActiveCfg = Release|Any CPU
		{7538878C-A50E-4599-9092-8F1A72DA8516}.Release|Any CPU.Build.0 = Release|Any CPU
	EndGlobalSection
	GlobalSection(SolutionProperties) = preSolution
		HideSolutionNode = FALSE
	EndGlobalSection
	GlobalSection(ExtensibilityGlobals) = postSolution
		SolutionGuid = {EB0FCAD3-A52A-4B79-8283-FB61BBA0A600}
	EndGlobalSection
EndGlobal
